
Microsoft Visual Studio Solution File, Format Version 12.00
# Visual Studio Version 17
VisualStudioVersion = 17.4.33122.133
MinimumVisualStudioVersion = 10.0.40219.1
Project("{FAE04EC0-301F-11D3-BF4B-00C04F79EFBC}") = "FileMd5HashCalculator", "FileMd5HashCalculator.csproj", "{66AE77AF-F9C4-4738-A3CE-2648A9F92E1B}"
EndProject
Global
	GlobalSection(SolutionConfigurationPlatforms) = preSolution
		Debug|Any CPU = Debug|Any CPU
		Release|Any CPU = Release|Any CPU
	EndGlobalSection
	GlobalSection(ProjectConfigurationPlatforms) = postSolution
		{66AE77AF-F9C4-4738-A3CE-2648A9F92E1B}.Debug|Any CPU.ActiveCfg = Debug|Any CPU
		{66AE77AF-F9C4-4738-A3CE-2648A9F92E1B}.Debug|Any CPU.Build.0 = Debug|Any CPU
		{66AE77AF-F9C4-4738-A3CE-2648A9F92E1B}.Release|Any CPU.ActiveCfg = Release|Any CPU
		{66AE77AF-F9C4-4738-A3CE-2648A9F92E1B}.Release|Any CPU.Build.0 = Release|Any CPU
	EndGlobalSection
	GlobalSection(SolutionProperties) = preSolution
		HideSolutionNode = FALSE
	EndGlobalSection
	GlobalSection(ExtensibilityGlobals) = postSolution
		SolutionGuid = {BF72050E-B26A-4297-9E72-5171295A76EE}
	EndGlobalSection
EndGlobal
